
Microsoft Visual Studio Solution File, Format Version 12.00
# Visual Studio Version 16
VisualStudioVersion = 16.0.29215.179
MinimumVisualStudioVersion = 10.0.40219.1
Project("{FAE04EC0-301F-11D3-BF4B-00C04F79EFBC}") = "Graph Searching", "Graph Searching\Graph Searching.csproj", "{4BA6632C-9F1A-44DA-8892-60CE7356CF53}"
EndProject
Global
	GlobalSection(SolutionConfigurationPlatforms) = preSolution
		Debug|Any CPU = Debug|Any CPU
		Release|Any CPU = Release|Any CPU
	EndGlobalSection
	GlobalSection(ProjectConfigurationPlatforms) = postSolution
		{4BA6632C-9F1A-44DA-8892-60CE7356CF53}.Debug|Any CPU.ActiveCfg = Debug|Any CPU
		{4BA6632C-9F1A-44DA-8892-60CE7356CF53}.Debug|Any CPU.Build.0 = Debug|Any CPU
		{4BA6632C-9F1A-44DA-8892-60CE7356CF53}.Release|Any CPU.ActiveCfg = Release|Any CPU
		{4BA6632C-9F1A-44DA-8892-60CE7356CF53}.Release|Any CPU.Build.0 = Release|Any CPU
	EndGlobalSection
	GlobalSection(SolutionProperties) = preSolution
		HideSolutionNode = FALSE
	EndGlobalSection
	GlobalSection(ExtensibilityGlobals) = postSolution
		SolutionGuid = {9A5E0BE4-B4BB-48F0-BA5B-588ECF0DD90B}
	EndGlobalSection
EndGlobal
